
Microsoft Visual Studio Solution File, Format Version 12.00
# Visual Studio Version 17
VisualStudioVersion = 17.14.36518.9
MinimumVisualStudioVersion = 10.0.40219.1
Project("{FAE04EC0-301F-11D3-BF4B-00C04F79EFBC}") = "MinhaPRimeiraApp", "MinhaPRimeiraApp\MinhaPRimeiraApp.csproj", "{A3091E74-3ED3-4FB3-BFCA-7E918531D978}"
EndProject
Global
	GlobalSection(SolutionConfigurationPlatforms) = preSolution
		Debug|Any CPU = Debug|Any CPU
		Release|Any CPU = Release|Any CPU
	EndGlobalSection
	GlobalSection(ProjectConfigurationPlatforms) = postSolution
		{A3091E74-3ED3-4FB3-BFCA-7E918531D978}.Debug|Any CPU.ActiveCfg = Debug|Any CPU
		{A3091E74-3ED3-4FB3-BFCA-7E918531D978}.Debug|Any CPU.Build.0 = Debug|Any CPU
		{A3091E74-3ED3-4FB3-BFCA-7E918531D978}.Release|Any CPU.ActiveCfg = Release|Any CPU
		{A3091E74-3ED3-4FB3-BFCA-7E918531D978}.Release|Any CPU.Build.0 = Release|Any CPU
	EndGlobalSection
	GlobalSection(SolutionProperties) = preSolution
		HideSolutionNode = FALSE
	EndGlobalSection
	GlobalSection(ExtensibilityGlobals) = postSolution
		SolutionGuid = {508E8359-9FBE-47F0-BD13-593E6A45DE56}
	EndGlobalSection
EndGlobal
